// !$*UTF8*$!
{
	archiveVersion = 1;
	classes = {
	};
	objectVersion = 48;
	objects = {

/* Begin PBXBuildFile section */
		7A14C0B1202B8C78006F7FA6 /* AppDelegate.swift in Sources */ = {isa = PBXBuildFile; fileRef = 7A14C0B0202B8C78006F7FA6 /* AppDelegate.swift */; };
		7A14C0B3202B8C78006F7FA6 /* SearchRecipesViewController.swift in Sources */ = {isa = PBXBuildFile; fileRef = 7A14C0B2202B8C78006F7FA6 /* SearchRecipesViewController.swift */; };
		7A14C0B6202B8C78006F7FA6 /* Main.storyboard in Resources */ = {isa = PBXBuildFile; fileRef = 7A14C0B4202B8C78006F7FA6 /* Main.storyboard */; };
		7A14C0B8202B8C78006F7FA6 /* Assets.xcassets in Resources */ = {isa = PBXBuildFile; fileRef = 7A14C0B7202B8C78006F7FA6 /* Assets.xcassets */; };
		7A14C0BB202B8C78006F7FA6 /* LaunchScreen.storyboard in Resources */ = {isa = PBXBuildFile; fileRef = 7A14C0B9202B8C78006F7FA6 /* LaunchScreen.storyboard */; };
		7A14C0C3202B930D006F7FA6 /* Recipe.swift in Sources */ = {isa = PBXBuildFile; fileRef = 7A14C0C2202B930D006F7FA6 /* Recipe.swift */; };
		7A14C0C5202B9892006F7FA6 /* RecipeAPIManager.swift in Sources */ = {isa = PBXBuildFile; fileRef = 7A14C0C4202B9892006F7FA6 /* RecipeAPIManager.swift */; };
		7A31ADC4202FF05A00266C49 /* ReminderInterface.swift in Sources */ = {isa = PBXBuildFile; fileRef = 7A31ADC3202FF05A00266C49 /* ReminderInterface.swift */; };
		7A31ADC62030F47300266C49 /* MapViewController.swift in Sources */ = {isa = PBXBuildFile; fileRef = 7A31ADC52030F47300266C49 /* MapViewController.swift */; };
		7A31ADC82030F98200266C49 /* Restaurant.swift in Sources */ = {isa = PBXBuildFile; fileRef = 7A31ADC72030F98200266C49 /* Restaurant.swift */; };
		7A4A2039202E71AA009B4B7C /* RecipeRealm.swift in Sources */ = {isa = PBXBuildFile; fileRef = 7A4A2038202E71AA009B4B7C /* RecipeRealm.swift */; };
		7A4A203B202E7350009B4B7C /* RealmInterface.swift in Sources */ = {isa = PBXBuildFile; fileRef = 7A4A203A202E7350009B4B7C /* RealmInterface.swift */; };
		7A4A203D202EB605009B4B7C /* Ingredient.swift in Sources */ = {isa = PBXBuildFile; fileRef = 7A4A203C202EB605009B4B7C /* Ingredient.swift */; };
		7A4A203F202EBA44009B4B7C /* IngredientRealm.swift in Sources */ = {isa = PBXBuildFile; fileRef = 7A4A203E202EBA44009B4B7C /* IngredientRealm.swift */; };
		970A2E29202B916A006C2980 /* RecipeCollectionViewCell.swift in Sources */ = {isa = PBXBuildFile; fileRef = 970A2E28202B916A006C2980 /* RecipeCollectionViewCell.swift */; };
		970A2E2D202BA5A5006C2980 /* DetailedRecipeViewController.swift in Sources */ = {isa = PBXBuildFile; fileRef = 970A2E2C202BA5A5006C2980 /* DetailedRecipeViewController.swift */; };
		97CA29E12030E7DC00AC6307 /* UIViewExtensions.swift in Sources */ = {isa = PBXBuildFile; fileRef = 97CA29E02030E7DC00AC6307 /* UIViewExtensions.swift */; };
		97D6D4EA202FBAE3004885A1 /* InstructionsViewController.swift in Sources */ = {isa = PBXBuildFile; fileRef = 97D6D4E9202FBAE3004885A1 /* InstructionsViewController.swift */; };
		C673FEE62D725D790874F868 /* Pods_Broccoholic.framework in Frameworks */ = {isa = PBXBuildFile; fileRef = DE54689A05351AE20AF3581C /* Pods_Broccoholic.framework */; };
/* End PBXBuildFile section */

/* Begin PBXFileReference section */
		18AD5641C838255E8A4C7C82 /* Pods-Broccoholic.debug.xcconfig */ = {isa = PBXFileReference; includeInIndex = 1; lastKnownFileType = text.xcconfig; name = "Pods-Broccoholic.debug.xcconfig"; path = "Pods/Target Support Files/Pods-Broccoholic/Pods-Broccoholic.debug.xcconfig"; sourceTree = "<group>"; };
		7A14C0AD202B8C78006F7FA6 /* Broccoholic.app */ = {isa = PBXFileReference; explicitFileType = wrapper.application; includeInIndex = 0; path = Broccoholic.app; sourceTree = BUILT_PRODUCTS_DIR; };
		7A14C0B0202B8C78006F7FA6 /* AppDelegate.swift */ = {isa = PBXFileReference; lastKnownFileType = sourcecode.swift; path = AppDelegate.swift; sourceTree = "<group>"; };
		7A14C0B2202B8C78006F7FA6 /* SearchRecipesViewController.swift */ = {isa = PBXFileReference; lastKnownFileType = sourcecode.swift; path = SearchRecipesViewController.swift; sourceTree = "<group>"; };
		7A14C0B5202B8C78006F7FA6 /* Base */ = {isa = PBXFileReference; lastKnownFileType = file.storyboard; name = Base; path = Base.lproj/Main.storyboard; sourceTree = "<group>"; };
		7A14C0B7202B8C78006F7FA6 /* Assets.xcassets */ = {isa = PBXFileReference; lastKnownFileType = folder.assetcatalog; path = Assets.xcassets; sourceTree = "<group>"; };
		7A14C0BA202B8C78006F7FA6 /* Base */ = {isa = PBXFileReference; lastKnownFileType = file.storyboard; name = Base; path = Base.lproj/LaunchScreen.storyboard; sourceTree = "<group>"; };
		7A14C0BC202B8C78006F7FA6 /* Info.plist */ = {isa = PBXFileReference; lastKnownFileType = text.plist.xml; path = Info.plist; sourceTree = "<group>"; };
		7A14C0C2202B930D006F7FA6 /* Recipe.swift */ = {isa = PBXFileReference; lastKnownFileType = sourcecode.swift; path = Recipe.swift; sourceTree = "<group>"; };
		7A14C0C4202B9892006F7FA6 /* RecipeAPIManager.swift */ = {isa = PBXFileReference; lastKnownFileType = sourcecode.swift; path = RecipeAPIManager.swift; sourceTree = "<group>"; };
		7A31ADC3202FF05A00266C49 /* ReminderInterface.swift */ = {isa = PBXFileReference; lastKnownFileType = sourcecode.swift; path = ReminderInterface.swift; sourceTree = "<group>"; };
		7A31ADC52030F47300266C49 /* MapViewController.swift */ = {isa = PBXFileReference; lastKnownFileType = sourcecode.swift; path = MapViewController.swift; sourceTree = "<group>"; };
		7A31ADC72030F98200266C49 /* Restaurant.swift */ = {isa = PBXFileReference; lastKnownFileType = sourcecode.swift; path = Restaurant.swift; sourceTree = "<group>"; };
		7A4A2038202E71AA009B4B7C /* RecipeRealm.swift */ = {isa = PBXFileReference; lastKnownFileType = sourcecode.swift; path = RecipeRealm.swift; sourceTree = "<group>"; };
		7A4A203A202E7350009B4B7C /* RealmInterface.swift */ = {isa = PBXFileReference; lastKnownFileType = sourcecode.swift; path = RealmInterface.swift; sourceTree = "<group>"; };
		7A4A203C202EB605009B4B7C /* Ingredient.swift */ = {isa = PBXFileReference; lastKnownFileType = sourcecode.swift; path = Ingredient.swift; sourceTree = "<group>"; };
		7A4A203E202EBA44009B4B7C /* IngredientRealm.swift */ = {isa = PBXFileReference; lastKnownFileType = sourcecode.swift; path = IngredientRealm.swift; sourceTree = "<group>"; };
		970A2E28202B916A006C2980 /* RecipeCollectionViewCell.swift */ = {isa = PBXFileReference; lastKnownFileType = sourcecode.swift; path = RecipeCollectionViewCell.swift; sourceTree = "<group>"; };
		970A2E2C202BA5A5006C2980 /* DetailedRecipeViewController.swift */ = {isa = PBXFileReference; lastKnownFileType = sourcecode.swift; path = DetailedRecipeViewController.swift; sourceTree = "<group>"; };
		97CA29E02030E7DC00AC6307 /* UIViewExtensions.swift */ = {isa = PBXFileReference; lastKnownFileType = sourcecode.swift; path = UIViewExtensions.swift; sourceTree = "<group>"; };
		97D6D4E9202FBAE3004885A1 /* InstructionsViewController.swift */ = {isa = PBXFileReference; lastKnownFileType = sourcecode.swift; path = InstructionsViewController.swift; sourceTree = "<group>"; };
		BC551BA90BC87DE4C5147318 /* Pods-Broccoholic.release.xcconfig */ = {isa = PBXFileReference; includeInIndex = 1; lastKnownFileType = text.xcconfig; name = "Pods-Broccoholic.release.xcconfig"; path = "Pods/Target Support Files/Pods-Broccoholic/Pods-Broccoholic.release.xcconfig"; sourceTree = "<group>"; };
		DE54689A05351AE20AF3581C /* Pods_Broccoholic.framework */ = {isa = PBXFileReference; explicitFileType = wrapper.framework; includeInIndex = 0; path = Pods_Broccoholic.framework; sourceTree = BUILT_PRODUCTS_DIR; };
/* End PBXFileReference section */

/* Begin PBXFrameworksBuildPhase section */
		7A14C0AA202B8C78006F7FA6 /* Frameworks */ = {
			isa = PBXFrameworksBuildPhase;
			buildActionMask = 2147483647;
			files = (
				C673FEE62D725D790874F868 /* Pods_Broccoholic.framework in Frameworks */,
			);
			runOnlyForDeploymentPostprocessing = 0;
		};
/* End PBXFrameworksBuildPhase section */

/* Begin PBXGroup section */
		5B9C16132633079D37B1E28C /* Pods */ = {
			isa = PBXGroup;
			children = (
				18AD5641C838255E8A4C7C82 /* Pods-Broccoholic.debug.xcconfig */,
				BC551BA90BC87DE4C5147318 /* Pods-Broccoholic.release.xcconfig */,
			);
			name = Pods;
			sourceTree = "<group>";
		};
		7A14C0A4202B8C78006F7FA6 = {
			isa = PBXGroup;
			children = (
				7A14C0AF202B8C78006F7FA6 /* Broccoholic */,
				7A14C0AE202B8C78006F7FA6 /* Products */,
				5B9C16132633079D37B1E28C /* Pods */,
				BC1EC8573E1354089DDA02EB /* Frameworks */,
			);
			sourceTree = "<group>";
		};
		7A14C0AE202B8C78006F7FA6 /* Products */ = {
			isa = PBXGroup;
			children = (
				7A14C0AD202B8C78006F7FA6 /* Broccoholic.app */,
			);
			name = Products;
			sourceTree = "<group>";
		};
		7A14C0AF202B8C78006F7FA6 /* Broccoholic */ = {
			isa = PBXGroup;
			children = (
				7A4A203E202EBA44009B4B7C /* IngredientRealm.swift */,
				7A4A203C202EB605009B4B7C /* Ingredient.swift */,
				7A14C0C4202B9892006F7FA6 /* RecipeAPIManager.swift */,
				7A14C0B0202B8C78006F7FA6 /* AppDelegate.swift */,
				7A14C0B2202B8C78006F7FA6 /* SearchRecipesViewController.swift */,
				7A31ADC52030F47300266C49 /* MapViewController.swift */,
				7A4A2038202E71AA009B4B7C /* RecipeRealm.swift */,
				7A4A203A202E7350009B4B7C /* RealmInterface.swift */,
				7A31ADC3202FF05A00266C49 /* ReminderInterface.swift */,
				970A2E28202B916A006C2980 /* RecipeCollectionViewCell.swift */,
				970A2E2C202BA5A5006C2980 /* DetailedRecipeViewController.swift */,
				97D6D4E9202FBAE3004885A1 /* InstructionsViewController.swift */,
				97CA29E02030E7DC00AC6307 /* UIViewExtensions.swift */,
				7A14C0C2202B930D006F7FA6 /* Recipe.swift */,
				7A14C0B4202B8C78006F7FA6 /* Main.storyboard */,
				7A31ADC72030F98200266C49 /* Restaurant.swift */,
				7A14C0B7202B8C78006F7FA6 /* Assets.xcassets */,
				7A14C0B9202B8C78006F7FA6 /* LaunchScreen.storyboard */,
				7A14C0BC202B8C78006F7FA6 /* Info.plist */,
			);
			path = Broccoholic;
			sourceTree = "<group>";
		};
		BC1EC8573E1354089DDA02EB /* Frameworks */ = {
			isa = PBXGroup;
			children = (
				DE54689A05351AE20AF3581C /* Pods_Broccoholic.framework */,
			);
			name = Frameworks;
			sourceTree = "<group>";
		};
/* End PBXGroup section */

/* Begin PBXNativeTarget section */
		7A14C0AC202B8C78006F7FA6 /* Broccoholic */ = {
			isa = PBXNativeTarget;
			buildConfigurationList = 7A14C0BF202B8C78006F7FA6 /* Build configuration list for PBXNativeTarget "Broccoholic" */;
			buildPhases = (
				765A87EA76897BAE641CC68F /* [CP] Check Pods Manifest.lock */,
				7A14C0A9202B8C78006F7FA6 /* Sources */,
				7A14C0AA202B8C78006F7FA6 /* Frameworks */,
				7A14C0AB202B8C78006F7FA6 /* Resources */,
				D832AAAB30CBB22265746452 /* [CP] Embed Pods Frameworks */,
				64F606CB63C32702A9D45F84 /* [CP] Copy Pods Resources */,
			);
			buildRules = (
			);
			dependencies = (
			);
			name = Broccoholic;
			productName = Broccoholic;
			productReference = 7A14C0AD202B8C78006F7FA6 /* Broccoholic.app */;
			productType = "com.apple.product-type.application";
		};
/* End PBXNativeTarget section */

/* Begin PBXProject section */
		7A14C0A5202B8C78006F7FA6 /* Project object */ = {
			isa = PBXProject;
			attributes = {
				LastSwiftUpdateCheck = 0920;
				LastUpgradeCheck = 0920;
				ORGANIZATIONNAME = "Jonathan Oliveira";
				TargetAttributes = {
					7A14C0AC202B8C78006F7FA6 = {
						CreatedOnToolsVersion = 9.2;
						ProvisioningStyle = Automatic;
					};
				};
			};
			buildConfigurationList = 7A14C0A8202B8C78006F7FA6 /* Build configuration list for PBXProject "Broccoholic" */;
			compatibilityVersion = "Xcode 8.0";
			developmentRegion = en;
			hasScannedForEncodings = 0;
			knownRegions = (
				en,
				Base,
			);
			mainGroup = 7A14C0A4202B8C78006F7FA6;
			productRefGroup = 7A14C0AE202B8C78006F7FA6 /* Products */;
			projectDirPath = "";
			projectRoot = "";
			targets = (
				7A14C0AC202B8C78006F7FA6 /* Broccoholic */,
			);
		};
/* End PBXProject section */

/* Begin PBXResourcesBuildPhase section */
		7A14C0AB202B8C78006F7FA6 /* Resources */ = {
			isa = PBXResourcesBuildPhase;
			buildActionMask = 2147483647;
			files = (
				7A14C0BB202B8C78006F7FA6 /* LaunchScreen.storyboard in Resources */,
				7A14C0B8202B8C78006F7FA6 /* Assets.xcassets in Resources */,
				7A14C0B6202B8C78006F7FA6 /* Main.storyboard in Resources */,
			);
			runOnlyForDeploymentPostprocessing = 0;
		};
/* End PBXResourcesBuildPhase section */

/* Begin PBXShellScriptBuildPhase section */
		64F606CB63C32702A9D45F84 /* [CP] Copy Pods Resources */ = {
			isa = PBXShellScriptBuildPhase;
			buildActionMask = 2147483647;
			files = (
			);
			inputPaths = (
			);
			name = "[CP] Copy Pods Resources";
			outputPaths = (
			);
			runOnlyForDeploymentPostprocessing = 0;
			shellPath = /bin/sh;
			shellScript = "\"${SRCROOT}/Pods/Target Support Files/Pods-Broccoholic/Pods-Broccoholic-resources.sh\"\n";
			showEnvVarsInLog = 0;
		};
		765A87EA76897BAE641CC68F /* [CP] Check Pods Manifest.lock */ = {
			isa = PBXShellScriptBuildPhase;
			buildActionMask = 2147483647;
			files = (
			);
			inputPaths = (
				"${PODS_PODFILE_DIR_PATH}/Podfile.lock",
				"${PODS_ROOT}/Manifest.lock",
			);
			name = "[CP] Check Pods Manifest.lock";
			outputPaths = (
				"$(DERIVED_FILE_DIR)/Pods-Broccoholic-checkManifestLockResult.txt",
			);
			runOnlyForDeploymentPostprocessing = 0;
			shellPath = /bin/sh;
			shellScript = "diff \"${PODS_PODFILE_DIR_PATH}/Podfile.lock\" \"${PODS_ROOT}/Manifest.lock\" > /dev/null\nif [ $? != 0 ] ; then\n    # print error to STDERR\n    echo \"error: The sandbox is not in sync with the Podfile.lock. Run 'pod install' or update your CocoaPods installation.\" >&2\n    exit 1\nfi\n# This output is used by Xcode 'outputs' to avoid re-running this script phase.\necho \"SUCCESS\" > \"${SCRIPT_OUTPUT_FILE_0}\"\n";
			showEnvVarsInLog = 0;
		};
		D832AAAB30CBB22265746452 /* [CP] Embed Pods Frameworks */ = {
			isa = PBXShellScriptBuildPhase;
			buildActionMask = 2147483647;
			files = (
			);
			inputPaths = (
				"${SRCROOT}/Pods/Target Support Files/Pods-Broccoholic/Pods-Broccoholic-frameworks.sh",
				"${BUILT_PRODUCTS_DIR}/Realm/Realm.framework",
				"${BUILT_PRODUCTS_DIR}/RealmSwift/RealmSwift.framework",
			);
			name = "[CP] Embed Pods Frameworks";
			outputPaths = (
				"${TARGET_BUILD_DIR}/${FRAMEWORKS_FOLDER_PATH}/Realm.framework",
				"${TARGET_BUILD_DIR}/${FRAMEWORKS_FOLDER_PATH}/RealmSwift.framework",
			);
			runOnlyForDeploymentPostprocessing = 0;
			shellPath = /bin/sh;
			shellScript = "\"${SRCROOT}/Pods/Target Support Files/Pods-Broccoholic/Pods-Broccoholic-frameworks.sh\"\n";
			showEnvVarsInLog = 0;
		};
/* End PBXShellScriptBuildPhase section */

/* Begin PBXSourcesBuildPhase section */
		7A14C0A9202B8C78006F7FA6 /* Sources */ = {
			isa = PBXSourcesBuildPhase;
			buildActionMask = 2147483647;
			files = (
				970A2E2D202BA5A5006C2980 /* DetailedRecipeViewController.swift in Sources */,
				7A4A203B202E7350009B4B7C /* RealmInterface.swift in Sources */,
				7A4A203D202EB605009B4B7C /* Ingredient.swift in Sources */,
				97CA29E12030E7DC00AC6307 /* UIViewExtensions.swift in Sources */,
				970A2E29202B916A006C2980 /* RecipeCollectionViewCell.swift in Sources */,
				7A14C0B3202B8C78006F7FA6 /* SearchRecipesViewController.swift in Sources */,
				7A14C0C3202B930D006F7FA6 /* Recipe.swift in Sources */,
				7A31ADC62030F47300266C49 /* MapViewController.swift in Sources */,
				7A4A203F202EBA44009B4B7C /* IngredientRealm.swift in Sources */,
				7A4A2039202E71AA009B4B7C /* RecipeRealm.swift in Sources */,
				7A14C0C5202B9892006F7FA6 /* RecipeAPIManager.swift in Sources */,
				7A31ADC82030F98200266C49 /* Restaurant.swift in Sources */,
				7A31ADC4202FF05A00266C49 /* ReminderInterface.swift in Sources */,
				97D6D4EA202FBAE3004885A1 /* InstructionsViewController.swift in Sources */,
				7A14C0B1202B8C78006F7FA6 /* AppDelegate.swift in Sources */,
			);
			runOnlyForDeploymentPostprocessing = 0;
		};
/* End PBXSourcesBuildPhase section */

/* Begin PBXVariantGroup section */
		7A14C0B4202B8C78006F7FA6 /* Main.storyboard */ = {
			isa = PBXVariantGroup;
			children = (
				7A14C0B5202B8C78006F7FA6 /* Base */,
			);
			name = Main.storyboard;
			sourceTree = "<group>";
		};
		7A14C0B9202B8C78006F7FA6 /* LaunchScreen.storyboard */ = {
			isa = PBXVariantGroup;
			children = (
				7A14C0BA202B8C78006F7FA6 /* Base */,
			);
			name = LaunchScreen.storyboard;
			sourceTree = "<group>";
		};
/* End PBXVariantGroup section */

/* Begin XCBuildConfiguration section */
		7A14C0BD202B8C78006F7FA6 /* Debug */ = {
			isa = XCBuildConfiguration;
			buildSettings = {
				ALWAYS_SEARCH_USER_PATHS = NO;
				CLANG_ANALYZER_NONNULL = YES;
				CLANG_ANALYZER_NUMBER_OBJECT_CONVERSION = YES_AGGRESSIVE;
				CLANG_CXX_LANGUAGE_STANDARD = "gnu++14";
				CLANG_CXX_LIBRARY = "libc++";
				CLANG_ENABLE_MODULES = YES;
				CLANG_ENABLE_OBJC_ARC = YES;
				CLANG_WARN_BLOCK_CAPTURE_AUTORELEASING = YES;
				CLANG_WARN_BOOL_CONVERSION = YES;
				CLANG_WARN_COMMA = YES;
				CLANG_WARN_CONSTANT_CONVERSION = YES;
				CLANG_WARN_DIRECT_OBJC_ISA_USAGE = YES_ERROR;
				CLANG_WARN_DOCUMENTATION_COMMENTS = YES;
				CLANG_WARN_EMPTY_BODY = YES;
				CLANG_WARN_ENUM_CONVERSION = YES;
				CLANG_WARN_INFINITE_RECURSION = YES;
				CLANG_WARN_INT_CONVERSION = YES;
				CLANG_WARN_NON_LITERAL_NULL_CONVERSION = YES;
				CLANG_WARN_OBJC_LITERAL_CONVERSION = YES;
				CLANG_WARN_OBJC_ROOT_CLASS = YES_ERROR;
				CLANG_WARN_RANGE_LOOP_ANALYSIS = YES;
				CLANG_WARN_STRICT_PROTOTYPES = YES;
				CLANG_WARN_SUSPICIOUS_MOVE = YES;
				CLANG_WARN_UNGUARDED_AVAILABILITY = YES_AGGRESSIVE;
				CLANG_WARN_UNREACHABLE_CODE = YES;
				CLANG_WARN__DUPLICATE_METHOD_MATCH = YES;
				CODE_SIGN_IDENTITY = "iPhone Developer";
				COPY_PHASE_STRIP = NO;
				DEBUG_INFORMATION_FORMAT = dwarf;
				ENABLE_STRICT_OBJC_MSGSEND = YES;
				ENABLE_TESTABILITY = YES;
				GCC_C_LANGUAGE_STANDARD = gnu11;
				GCC_DYNAMIC_NO_PIC = NO;
				GCC_NO_COMMON_BLOCKS = YES;
				GCC_OPTIMIZATION_LEVEL = 0;
				GCC_PREPROCESSOR_DEFINITIONS = (
					"DEBUG=1",
					"$(inherited)",
				);
				GCC_WARN_64_TO_32_BIT_CONVERSION = YES;
				GCC_WARN_ABOUT_RETURN_TYPE = YES_ERROR;
				GCC_WARN_UNDECLARED_SELECTOR = YES;
				GCC_WARN_UNINITIALIZED_AUTOS = YES_AGGRESSIVE;
				GCC_WARN_UNUSED_FUNCTION = YES;
				GCC_WARN_UNUSED_VARIABLE = YES;
				IPHONEOS_DEPLOYMENT_TARGET = 11.2;
				MTL_ENABLE_DEBUG_INFO = YES;
				ONLY_ACTIVE_ARCH = YES;
				SDKROOT = iphoneos;
				SWIFT_ACTIVE_COMPILATION_CONDITIONS = DEBUG;
				SWIFT_OPTIMIZATION_LEVEL = "-Onone";
			};
			name = Debug;
		};
		7A14C0BE202B8C78006F7FA6 /* Release */ = {
			isa = XCBuildConfiguration;
			buildSettings = {
				ALWAYS_SEARCH_USER_PATHS = NO;
				CLANG_ANALYZER_NONNULL = YES;
				CLANG_ANALYZER_NUMBER_OBJECT_CONVERSION = YES_AGGRESSIVE;
				CLANG_CXX_LANGUAGE_STANDARD = "gnu++14";
				CLANG_CXX_LIBRARY = "libc++";
				CLANG_ENABLE_MODULES = YES;
				CLANG_ENABLE_OBJC_ARC = YES;
				CLANG_WARN_BLOCK_CAPTURE_AUTORELEASING = YES;
				CLANG_WARN_BOOL_CONVERSION = YES;
				CLANG_WARN_COMMA = YES;
				CLANG_WARN_CONSTANT_CONVERSION = YES;
				CLANG_WARN_DIRECT_OBJC_ISA_USAGE = YES_ERROR;
				CLANG_WARN_DOCUMENTATION_COMMENTS = YES;
				CLANG_WARN_EMPTY_BODY = YES;
				CLANG_WARN_ENUM_CONVERSION = YES;
				CLANG_WARN_INFINITE_RECURSION = YES;
				CLANG_WARN_INT_CONVERSION = YES;
				CLANG_WARN_NON_LITERAL_NULL_CONVERSION = YES;
				CLANG_WARN_OBJC_LITERAL_CONVERSION = YES;
				CLANG_WARN_OBJC_ROOT_CLASS = YES_ERROR;
				CLANG_WARN_RANGE_LOOP_ANALYSIS = YES;
				CLANG_WARN_STRICT_PROTOTYPES = YES;
				CLANG_WARN_SUSPICIOUS_MOVE = YES;
				CLANG_WARN_UNGUARDED_AVAILABILITY = YES_AGGRESSIVE;
				CLANG_WARN_UNREACHABLE_CODE = YES;
				CLANG_WARN__DUPLICATE_METHOD_MATCH = YES;
				CODE_SIGN_IDENTITY = "iPhone Developer";
				COPY_PHASE_STRIP = NO;
				DEBUG_INFORMATION_FORMAT = "dwarf-with-dsym";
				ENABLE_NS_ASSERTIONS = NO;
				ENABLE_STRICT_OBJC_MSGSEND = YES;
				GCC_C_LANGUAGE_STANDARD = gnu11;
				GCC_NO_COMMON_BLOCKS = YES;
				GCC_WARN_64_TO_32_BIT_CONVERSION = YES;
				GCC_WARN_ABOUT_RETURN_TYPE = YES_ERROR;
				GCC_WARN_UNDECLARED_SELECTOR = YES;
				GCC_WARN_UNINITIALIZED_AUTOS = YES_AGGRESSIVE;
				GCC_WARN_UNUSED_FUNCTION = YES;
				GCC_WARN_UNUSED_VARIABLE = YES;
				IPHONEOS_DEPLOYMENT_TARGET = 11.2;
				MTL_ENABLE_DEBUG_INFO = NO;
				SDKROOT = iphoneos;
				SWIFT_OPTIMIZATION_LEVEL = "-Owholemodule";
				VALIDATE_PRODUCT = YES;
			};
			name = Release;
		};
		7A14C0C0202B8C78006F7FA6 /* Debug */ = {
			isa = XCBuildConfiguration;
			baseConfigurationReference = 18AD5641C838255E8A4C7C82 /* Pods-Broccoholic.debug.xcconfig */;
			buildSettings = {
				ASSETCATALOG_COMPILER_APPICON_NAME = AppIcon;
				CODE_SIGN_STYLE = Automatic;
				INFOPLIST_FILE = Broccoholic/Info.plist;
				LD_RUNPATH_SEARCH_PATHS = "$(inherited) @executable_path/Frameworks";
				PRODUCT_BUNDLE_IDENTIFIER = com.jonathanoliveira.Broccoholic;
				PRODUCT_NAME = "$(TARGET_NAME)";
				SWIFT_VERSION = 4.0;
				TARGETED_DEVICE_FAMILY = "1,2";
			};
			name = Debug;
		};
		7A14C0C1202B8C78006F7FA6 /* Release */ = {
			isa = XCBuildConfiguration;
			baseConfigurationReference = BC551BA90BC87DE4C5147318 /* Pods-Broccoholic.release.xcconfig */;
			buildSettings = {
				ASSETCATALOG_COMPILER_APPICON_NAME = AppIcon;
				CODE_SIGN_STYLE = Automatic;
				INFOPLIST_FILE = Broccoholic/Info.plist;
				LD_RUNPATH_SEARCH_PATHS = "$(inherited) @executable_path/Frameworks";
				PRODUCT_BUNDLE_IDENTIFIER = com.jonathanoliveira.Broccoholic;
				PRODUCT_NAME = "$(TARGET_NAME)";
				SWIFT_VERSION = 4.0;
				TARGETED_DEVICE_FAMILY = "1,2";
			};
			name = Release;
		};
/* End XCBuildConfiguration section */

/* Begin XCConfigurationList section */
		7A14C0A8202B8C78006F7FA6 /* Build configuration list for PBXProject "Broccoholic" */ = {
			isa = XCConfigurationList;
			buildConfigurations = (
				7A14C0BD202B8C78006F7FA6 /* Debug */,
				7A14C0BE202B8C78006F7FA6 /* Release */,
			);
			defaultConfigurationIsVisible = 0;
			defaultConfigurationName = Release;
		};
		7A14C0BF202B8C78006F7FA6 /* Build configuration list for PBXNativeTarget "Broccoholic" */ = {
			isa = XCConfigurationList;
			buildConfigurations = (
				7A14C0C0202B8C78006F7FA6 /* Debug */,
				7A14C0C1202B8C78006F7FA6 /* Release */,
			);
			defaultConfigurationIsVisible = 0;
			defaultConfigurationName = Release;
		};
/* End XCConfigurationList section */
	};
	rootObject = 7A14C0A5202B8C78006F7FA6 /* Project object */;
}
